
Microsoft Visual Studio Solution File, Format Version 12.00
# Visual Studio Version 16
VisualStudioVersion = 16.0.29009.5
MinimumVisualStudioVersion = 10.0.40219.1
Project("{FAE04EC0-301F-11D3-BF4B-00C04F79EFBC}") = "Console", "ThreeLayerClients\Console.csproj", "{4A0A0313-74D5-4C82-BF74-5134FDDFAAD8}"
EndProject
Project("{2150E333-8FDC-42A3-9474-1A3956D46DE8}") = "DAL", "DAL", "{D21960BA-CADC-426B-9290-4ACA07C810BA}"
EndProject
Project("{2150E333-8FDC-42A3-9474-1A3956D46DE8}") = "BLL", "BLL", "{1C5FAA60-8CF9-4C26-85BB-8721D74F383E}"
EndProject
Project("{2150E333-8FDC-42A3-9474-1A3956D46DE8}") = "PL", "PL", "{CB87ADB1-E57F-46C3-AD96-B290B9779C8C}"
EndProject
Project("{2150E333-8FDC-42A3-9474-1A3956D46DE8}") = "Common", "Common", "{219ED419-0E41-440E-8D94-2ED2FC930810}"
EndProject
Project("{FAE04EC0-301F-11D3-BF4B-00C04F79EFBC}") = "DAL", "DAL\DAL.csproj", "{F22748F1-DA98-4F4F-841C-0BD7ED3BC1F7}"
EndProject
Project("{FAE04EC0-301F-11D3-BF4B-00C04F79EFBC}") = "BLL", "BLL\BLL.csproj", "{498724D7-152B-4264-8F56-6D38943BB76B}"
EndProject
Project("{FAE04EC0-301F-11D3-BF4B-00C04F79EFBC}") = "Entities", "Entities\Entities.csproj", "{2A097DA9-4CE5-45B2-B3AF-5147AFEC2CA4}"
EndProject
Project("{FAE04EC0-301F-11D3-BF4B-00C04F79EFBC}") = "Common", "Common\Common.csproj", "{979B9E1D-EACE-46BF-B41B-FCE9FC1F292B}"
EndProject
Project("{FAE04EC0-301F-11D3-BF4B-00C04F79EFBC}") = "Web", "Clients\Web.csproj", "{71E87D4D-F24F-4738-95B1-375E110E76DB}"
EndProject
Global
	GlobalSection(SolutionConfigurationPlatforms) = preSolution
		Debug|Any CPU = Debug|Any CPU
		Release|Any CPU = Release|Any CPU
	EndGlobalSection
	GlobalSection(ProjectConfigurationPlatforms) = postSolution
		{4A0A0313-74D5-4C82-BF74-5134FDDFAAD8}.Debug|Any CPU.ActiveCfg = Debug|Any CPU
		{4A0A0313-74D5-4C82-BF74-5134FDDFAAD8}.Debug|Any CPU.Build.0 = Debug|Any CPU
		{4A0A0313-74D5-4C82-BF74-5134FDDFAAD8}.Release|Any CPU.ActiveCfg = Release|Any CPU
		{4A0A0313-74D5-4C82-BF74-5134FDDFAAD8}.Release|Any CPU.Build.0 = Release|Any CPU
		{F22748F1-DA98-4F4F-841C-0BD7ED3BC1F7}.Debug|Any CPU.ActiveCfg = Debug|Any CPU
		{F22748F1-DA98-4F4F-841C-0BD7ED3BC1F7}.Debug|Any CPU.Build.0 = Debug|Any CPU
		{F22748F1-DA98-4F4F-841C-0BD7ED3BC1F7}.Release|Any CPU.ActiveCfg = Release|Any CPU
		{F22748F1-DA98-4F4F-841C-0BD7ED3BC1F7}.Release|Any CPU.Build.0 = Release|Any CPU
		{498724D7-152B-4264-8F56-6D38943BB76B}.Debug|Any CPU.ActiveCfg = Debug|Any CPU
		{498724D7-152B-4264-8F56-6D38943BB76B}.Debug|Any CPU.Build.0 = Debug|Any CPU
		{498724D7-152B-4264-8F56-6D38943BB76B}.Release|Any CPU.ActiveCfg = Release|Any CPU
		{498724D7-152B-4264-8F56-6D38943BB76B}.Release|Any CPU.Build.0 = Release|Any CPU
		{2A097DA9-4CE5-45B2-B3AF-5147AFEC2CA4}.Debug|Any CPU.ActiveCfg = Debug|Any CPU
		{2A097DA9-4CE5-45B2-B3AF-5147AFEC2CA4}.Debug|Any CPU.Build.0 = Debug|Any CPU
		{2A097DA9-4CE5-45B2-B3AF-5147AFEC2CA4}.Release|Any CPU.ActiveCfg = Release|Any CPU
		{2A097DA9-4CE5-45B2-B3AF-5147AFEC2CA4}.Release|Any CPU.Build.0 = Release|Any CPU
		{979B9E1D-EACE-46BF-B41B-FCE9FC1F292B}.Debug|Any CPU.ActiveCfg = Debug|Any CPU
		{979B9E1D-EACE-46BF-B41B-FCE9FC1F292B}.Debug|Any CPU.Build.0 = Debug|Any CPU
		{979B9E1D-EACE-46BF-B41B-FCE9FC1F292B}.Release|Any CPU.ActiveCfg = Release|Any CPU
		{979B9E1D-EACE-46BF-B41B-FCE9FC1F292B}.Release|Any CPU.Build.0 = Release|Any CPU
		{71E87D4D-F24F-4738-95B1-375E110E76DB}.Debug|Any CPU.ActiveCfg = Debug|Any CPU
		{71E87D4D-F24F-4738-95B1-375E110E76DB}.Debug|Any CPU.Build.0 = Debug|Any CPU
		{71E87D4D-F24F-4738-95B1-375E110E76DB}.Release|Any CPU.ActiveCfg = Release|Any CPU
		{71E87D4D-F24F-4738-95B1-375E110E76DB}.Release|Any CPU.Build.0 = Release|Any CPU
	EndGlobalSection
	GlobalSection(SolutionProperties) = preSolution
		HideSolutionNode = FALSE
	EndGlobalSection
	GlobalSection(NestedProjects) = preSolution
		{4A0A0313-74D5-4C82-BF74-5134FDDFAAD8} = {CB87ADB1-E57F-46C3-AD96-B290B9779C8C}
		{F22748F1-DA98-4F4F-841C-0BD7ED3BC1F7} = {D21960BA-CADC-426B-9290-4ACA07C810BA}
		{498724D7-152B-4264-8F56-6D38943BB76B} = {1C5FAA60-8CF9-4C26-85BB-8721D74F383E}
		{2A097DA9-4CE5-45B2-B3AF-5147AFEC2CA4} = {219ED419-0E41-440E-8D94-2ED2FC930810}
		{979B9E1D-EACE-46BF-B41B-FCE9FC1F292B} = {219ED419-0E41-440E-8D94-2ED2FC930810}
		{71E87D4D-F24F-4738-95B1-375E110E76DB} = {CB87ADB1-E57F-46C3-AD96-B290B9779C8C}
	EndGlobalSection
	GlobalSection(ExtensibilityGlobals) = postSolution
		SolutionGuid = {A041E2E4-1A5F-4B55-9BB9-E5D8BF3E1324}
	EndGlobalSection
EndGlobal
